
Microsoft Visual Studio Solution File, Format Version 12.00
# Visual Studio Version 17
VisualStudioVersion = 17.3.32819.101
MinimumVisualStudioVersion = 10.0.40219.1
Project("{FAE04EC0-301F-11D3-BF4B-00C04F79EFBC}") = "LAB 10 TASK 1", "LAB 10 TASK 1\LAB 10 TASK 1.csproj", "{FECE9DD8-35BC-4290-BDE2-88DEDF36D5E6}"
EndProject
Global
	GlobalSection(SolutionConfigurationPlatforms) = preSolution
		Debug|Any CPU = Debug|Any CPU
		Release|Any CPU = Release|Any CPU
	EndGlobalSection
	GlobalSection(ProjectConfigurationPlatforms) = postSolution
		{FECE9DD8-35BC-4290-BDE2-88DEDF36D5E6}.Debug|Any CPU.ActiveCfg = Debug|Any CPU
		{FECE9DD8-35BC-4290-BDE2-88DEDF36D5E6}.Debug|Any CPU.Build.0 = Debug|Any CPU
		{FECE9DD8-35BC-4290-BDE2-88DEDF36D5E6}.Release|Any CPU.ActiveCfg = Release|Any CPU
		{FECE9DD8-35BC-4290-BDE2-88DEDF36D5E6}.Release|Any CPU.Build.0 = Release|Any CPU
	EndGlobalSection
	GlobalSection(SolutionProperties) = preSolution
		HideSolutionNode = FALSE
	EndGlobalSection
	GlobalSection(ExtensibilityGlobals) = postSolution
		SolutionGuid = {17FC11C0-173B-4880-B35B-3F749BA6A2AC}
	EndGlobalSection
EndGlobal
